
Microsoft Visual Studio Solution File, Format Version 12.00
# Visual Studio 15
VisualStudioVersion = 15.0.28307.1259
MinimumVisualStudioVersion = 10.0.40219.1
Project("{FAE04EC0-301F-11D3-BF4B-00C04F79EFBC}") = "pract 1", "pract 1\pract 1.csproj", "{65045641-C2BA-459B-8C1E-2C18A14FFA4C}"
EndProject
Project("{FAE04EC0-301F-11D3-BF4B-00C04F79EFBC}") = "Lib_2", "Lib_2\Lib_2.csproj", "{7D578DD9-2573-439A-A4BC-E2842F486149}"
EndProject
Global
	GlobalSection(SolutionConfigurationPlatforms) = preSolution
		Debug|Any CPU = Debug|Any CPU
		Release|Any CPU = Release|Any CPU
	EndGlobalSection
	GlobalSection(ProjectConfigurationPlatforms) = postSolution
		{65045641-C2BA-459B-8C1E-2C18A14FFA4C}.Debug|Any CPU.ActiveCfg = Debug|Any CPU
		{65045641-C2BA-459B-8C1E-2C18A14FFA4C}.Debug|Any CPU.Build.0 = Debug|Any CPU
		{65045641-C2BA-459B-8C1E-2C18A14FFA4C}.Release|Any CPU.ActiveCfg = Release|Any CPU
		{65045641-C2BA-459B-8C1E-2C18A14FFA4C}.Release|Any CPU.Build.0 = Release|Any CPU
		{7D578DD9-2573-439A-A4BC-E2842F486149}.Debug|Any CPU.ActiveCfg = Debug|Any CPU
		{7D578DD9-2573-439A-A4BC-E2842F486149}.Debug|Any CPU.Build.0 = Debug|Any CPU
		{7D578DD9-2573-439A-A4BC-E2842F486149}.Release|Any CPU.ActiveCfg = Release|Any CPU
		{7D578DD9-2573-439A-A4BC-E2842F486149}.Release|Any CPU.Build.0 = Release|Any CPU
	EndGlobalSection
	GlobalSection(SolutionProperties) = preSolution
		HideSolutionNode = FALSE
	EndGlobalSection
	GlobalSection(ExtensibilityGlobals) = postSolution
		SolutionGuid = {9A477450-0AD8-49D9-8D28-CC72DFE48E76}
	EndGlobalSection
EndGlobal
